// !$*UTF8*$!
{
	archiveVersion = 1;
	classes = {
	};
	objectVersion = 50;
	objects = {

/* Begin PBXBuildFile section */
		8B38CA3F246065BD00548A61 /* AppDelegate.swift in Sources */ = {isa = PBXBuildFile; fileRef = 8B38CA3E246065BD00548A61 /* AppDelegate.swift */; };
		8B38CA41246065BD00548A61 /* SceneDelegate.swift in Sources */ = {isa = PBXBuildFile; fileRef = 8B38CA40246065BD00548A61 /* SceneDelegate.swift */; };
		8B38CA43246065BD00548A61 /* ContentView.swift in Sources */ = {isa = PBXBuildFile; fileRef = 8B38CA42246065BD00548A61 /* ContentView.swift */; };
		8B38CA45246065C000548A61 /* Assets.xcassets in Resources */ = {isa = PBXBuildFile; fileRef = 8B38CA44246065C000548A61 /* Assets.xcassets */; };
		8B38CA48246065C000548A61 /* Preview Assets.xcassets in Resources */ = {isa = PBXBuildFile; fileRef = 8B38CA47246065C000548A61 /* Preview Assets.xcassets */; };
		8B38CA4B246065C000548A61 /* LaunchScreen.storyboard in Resources */ = {isa = PBXBuildFile; fileRef = 8B38CA49246065C000548A61 /* LaunchScreen.storyboard */; };
		8B38CA542460EC6C00548A61 /* MenuView.swift in Sources */ = {isa = PBXBuildFile; fileRef = 8B38CA532460EC6C00548A61 /* MenuView.swift */; };
		8B38CA562460F6EF00548A61 /* Home.swift in Sources */ = {isa = PBXBuildFile; fileRef = 8B38CA552460F6EF00548A61 /* Home.swift */; };
		8B38CA58246102C900548A61 /* HomeView.swift in Sources */ = {isa = PBXBuildFile; fileRef = 8B38CA57246102C900548A61 /* HomeView.swift */; };
		8B38CA5A24613DB100548A61 /* UpdateList.swift in Sources */ = {isa = PBXBuildFile; fileRef = 8B38CA5924613DB100548A61 /* UpdateList.swift */; };
		8B38CA5C2461419700548A61 /* UpdateDetail.swift in Sources */ = {isa = PBXBuildFile; fileRef = 8B38CA5B2461419700548A61 /* UpdateDetail.swift */; };
		8B38CA5E2461452500548A61 /* UpdateStore.swift in Sources */ = {isa = PBXBuildFile; fileRef = 8B38CA5D2461452500548A61 /* UpdateStore.swift */; };
		8B38CA6024614A5A00548A61 /* MainTabBar.swift in Sources */ = {isa = PBXBuildFile; fileRef = 8B38CA5F24614A5A00548A61 /* MainTabBar.swift */; };
		8B38CA622461507E00548A61 /* RingView.swift in Sources */ = {isa = PBXBuildFile; fileRef = 8B38CA612461507E00548A61 /* RingView.swift */; };
		8B38CA6424615C9700548A61 /* Modifiers.swift in Sources */ = {isa = PBXBuildFile; fileRef = 8B38CA6324615C9700548A61 /* Modifiers.swift */; };
		8B38CA66246169C900548A61 /* CourseList.swift in Sources */ = {isa = PBXBuildFile; fileRef = 8B38CA65246169C900548A61 /* CourseList.swift */; };
		8B38CA682461A62100548A61 /* CourseDetail.swift in Sources */ = {isa = PBXBuildFile; fileRef = 8B38CA672461A62100548A61 /* CourseDetail.swift */; };
/* End PBXBuildFile section */

/* Begin PBXFileReference section */
		8B38CA3B246065BD00548A61 /* SwiftUICode.app */ = {isa = PBXFileReference; explicitFileType = wrapper.application; includeInIndex = 0; path = SwiftUICode.app; sourceTree = BUILT_PRODUCTS_DIR; };
		8B38CA3E246065BD00548A61 /* AppDelegate.swift */ = {isa = PBXFileReference; lastKnownFileType = sourcecode.swift; path = AppDelegate.swift; sourceTree = "<group>"; };
		8B38CA40246065BD00548A61 /* SceneDelegate.swift */ = {isa = PBXFileReference; lastKnownFileType = sourcecode.swift; path = SceneDelegate.swift; sourceTree = "<group>"; };
		8B38CA42246065BD00548A61 /* ContentView.swift */ = {isa = PBXFileReference; lastKnownFileType = sourcecode.swift; path = ContentView.swift; sourceTree = "<group>"; };
		8B38CA44246065C000548A61 /* Assets.xcassets */ = {isa = PBXFileReference; lastKnownFileType = folder.assetcatalog; path = Assets.xcassets; sourceTree = "<group>"; };
		8B38CA47246065C000548A61 /* Preview Assets.xcassets */ = {isa = PBXFileReference; lastKnownFileType = folder.assetcatalog; path = "Preview Assets.xcassets"; sourceTree = "<group>"; };
		8B38CA4A246065C000548A61 /* Base */ = {isa = PBXFileReference; lastKnownFileType = file.storyboard; name = Base; path = Base.lproj/LaunchScreen.storyboard; sourceTree = "<group>"; };
		8B38CA4C246065C000548A61 /* Info.plist */ = {isa = PBXFileReference; lastKnownFileType = text.plist.xml; path = Info.plist; sourceTree = "<group>"; };
		8B38CA522460660800548A61 /* README.md */ = {isa = PBXFileReference; lastKnownFileType = net.daringfireball.markdown; path = README.md; sourceTree = "<group>"; };
		8B38CA532460EC6C00548A61 /* MenuView.swift */ = {isa = PBXFileReference; lastKnownFileType = sourcecode.swift; path = MenuView.swift; sourceTree = "<group>"; };
		8B38CA552460F6EF00548A61 /* Home.swift */ = {isa = PBXFileReference; lastKnownFileType = sourcecode.swift; path = Home.swift; sourceTree = "<group>"; };
		8B38CA57246102C900548A61 /* HomeView.swift */ = {isa = PBXFileReference; lastKnownFileType = sourcecode.swift; path = HomeView.swift; sourceTree = "<group>"; };
		8B38CA5924613DB100548A61 /* UpdateList.swift */ = {isa = PBXFileReference; lastKnownFileType = sourcecode.swift; path = UpdateList.swift; sourceTree = "<group>"; };
		8B38CA5B2461419700548A61 /* UpdateDetail.swift */ = {isa = PBXFileReference; lastKnownFileType = sourcecode.swift; path = UpdateDetail.swift; sourceTree = "<group>"; };
		8B38CA5D2461452500548A61 /* UpdateStore.swift */ = {isa = PBXFileReference; lastKnownFileType = sourcecode.swift; path = UpdateStore.swift; sourceTree = "<group>"; };
		8B38CA5F24614A5A00548A61 /* MainTabBar.swift */ = {isa = PBXFileReference; lastKnownFileType = sourcecode.swift; path = MainTabBar.swift; sourceTree = "<group>"; };
		8B38CA612461507E00548A61 /* RingView.swift */ = {isa = PBXFileReference; lastKnownFileType = sourcecode.swift; path = RingView.swift; sourceTree = "<group>"; };
		8B38CA6324615C9700548A61 /* Modifiers.swift */ = {isa = PBXFileReference; lastKnownFileType = sourcecode.swift; path = Modifiers.swift; sourceTree = "<group>"; };
		8B38CA65246169C900548A61 /* CourseList.swift */ = {isa = PBXFileReference; lastKnownFileType = sourcecode.swift; path = CourseList.swift; sourceTree = "<group>"; };
		8B38CA672461A62100548A61 /* CourseDetail.swift */ = {isa = PBXFileReference; lastKnownFileType = sourcecode.swift; path = CourseDetail.swift; sourceTree = "<group>"; };
/* End PBXFileReference section */

/* Begin PBXFrameworksBuildPhase section */
		8B38CA38246065BD00548A61 /* Frameworks */ = {
			isa = PBXFrameworksBuildPhase;
			buildActionMask = 2147483647;
			files = (
			);
			runOnlyForDeploymentPostprocessing = 0;
		};
/* End PBXFrameworksBuildPhase section */

/* Begin PBXGroup section */
		8B38CA32246065BD00548A61 = {
			isa = PBXGroup;
			children = (
				8B38CA522460660800548A61 /* README.md */,
				8B38CA3D246065BD00548A61 /* SwiftUICode */,
				8B38CA3C246065BD00548A61 /* Products */,
			);
			sourceTree = "<group>";
		};
		8B38CA3C246065BD00548A61 /* Products */ = {
			isa = PBXGroup;
			children = (
				8B38CA3B246065BD00548A61 /* SwiftUICode.app */,
			);
			name = Products;
			sourceTree = "<group>";
		};
		8B38CA3D246065BD00548A61 /* SwiftUICode */ = {
			isa = PBXGroup;
			children = (
				8B38CA3E246065BD00548A61 /* AppDelegate.swift */,
				8B38CA40246065BD00548A61 /* SceneDelegate.swift */,
				8B38CA42246065BD00548A61 /* ContentView.swift */,
				8B38CA532460EC6C00548A61 /* MenuView.swift */,
				8B38CA552460F6EF00548A61 /* Home.swift */,
				8B38CA57246102C900548A61 /* HomeView.swift */,
				8B38CA65246169C900548A61 /* CourseList.swift */,
				8B38CA672461A62100548A61 /* CourseDetail.swift */,
				8B38CA5924613DB100548A61 /* UpdateList.swift */,
				8B38CA5B2461419700548A61 /* UpdateDetail.swift */,
				8B38CA5D2461452500548A61 /* UpdateStore.swift */,
				8B38CA5F24614A5A00548A61 /* MainTabBar.swift */,
				8B38CA612461507E00548A61 /* RingView.swift */,
				8B38CA6324615C9700548A61 /* Modifiers.swift */,
				8B38CA44246065C000548A61 /* Assets.xcassets */,
				8B38CA49246065C000548A61 /* LaunchScreen.storyboard */,
				8B38CA4C246065C000548A61 /* Info.plist */,
				8B38CA46246065C000548A61 /* Preview Content */,
			);
			path = SwiftUICode;
			sourceTree = "<group>";
		};
		8B38CA46246065C000548A61 /* Preview Content */ = {
			isa = PBXGroup;
			children = (
				8B38CA47246065C000548A61 /* Preview Assets.xcassets */,
			);
			path = "Preview Content";
			sourceTree = "<group>";
		};
/* End PBXGroup section */

/* Begin PBXNativeTarget section */
		8B38CA3A246065BD00548A61 /* SwiftUICode */ = {
			isa = PBXNativeTarget;
			buildConfigurationList = 8B38CA4F246065C000548A61 /* Build configuration list for PBXNativeTarget "SwiftUICode" */;
			buildPhases = (
				8B38CA37246065BD00548A61 /* Sources */,
				8B38CA38246065BD00548A61 /* Frameworks */,
				8B38CA39246065BD00548A61 /* Resources */,
			);
			buildRules = (
			);
			dependencies = (
			);
			name = SwiftUICode;
			productName = SwiftUICode;
			productReference = 8B38CA3B246065BD00548A61 /* SwiftUICode.app */;
			productType = "com.apple.product-type.application";
		};
/* End PBXNativeTarget section */

/* Begin PBXProject section */
		8B38CA33246065BD00548A61 /* Project object */ = {
			isa = PBXProject;
			attributes = {
				LastSwiftUpdateCheck = 1140;
				LastUpgradeCheck = 1140;
				ORGANIZATIONNAME = H.Senhui;
				TargetAttributes = {
					8B38CA3A246065BD00548A61 = {
						CreatedOnToolsVersion = 11.4.1;
					};
				};
			};
			buildConfigurationList = 8B38CA36246065BD00548A61 /* Build configuration list for PBXProject "SwiftUICode" */;
			compatibilityVersion = "Xcode 9.3";
			developmentRegion = en;
			hasScannedForEncodings = 0;
			knownRegions = (
				en,
				Base,
			);
			mainGroup = 8B38CA32246065BD00548A61;
			productRefGroup = 8B38CA3C246065BD00548A61 /* Products */;
			projectDirPath = "";
			projectRoot = "";
			targets = (
				8B38CA3A246065BD00548A61 /* SwiftUICode */,
			);
		};
/* End PBXProject section */

/* Begin PBXResourcesBuildPhase section */
		8B38CA39246065BD00548A61 /* Resources */ = {
			isa = PBXResourcesBuildPhase;
			buildActionMask = 2147483647;
			files = (
				8B38CA4B246065C000548A61 /* LaunchScreen.storyboard in Resources */,
				8B38CA48246065C000548A61 /* Preview Assets.xcassets in Resources */,
				8B38CA45246065C000548A61 /* Assets.xcassets in Resources */,
			);
			runOnlyForDeploymentPostprocessing = 0;
		};
/* End PBXResourcesBuildPhase section */

/* Begin PBXSourcesBuildPhase section */
		8B38CA37246065BD00548A61 /* Sources */ = {
			isa = PBXSourcesBuildPhase;
			buildActionMask = 2147483647;
			files = (
				8B38CA3F246065BD00548A61 /* AppDelegate.swift in Sources */,
				8B38CA5E2461452500548A61 /* UpdateStore.swift in Sources */,
				8B38CA5A24613DB100548A61 /* UpdateList.swift in Sources */,
				8B38CA542460EC6C00548A61 /* MenuView.swift in Sources */,
				8B38CA6424615C9700548A61 /* Modifiers.swift in Sources */,
				8B38CA5C2461419700548A61 /* UpdateDetail.swift in Sources */,
				8B38CA622461507E00548A61 /* RingView.swift in Sources */,
				8B38CA562460F6EF00548A61 /* Home.swift in Sources */,
				8B38CA58246102C900548A61 /* HomeView.swift in Sources */,
				8B38CA41246065BD00548A61 /* SceneDelegate.swift in Sources */,
				8B38CA6024614A5A00548A61 /* MainTabBar.swift in Sources */,
				8B38CA682461A62100548A61 /* CourseDetail.swift in Sources */,
				8B38CA43246065BD00548A61 /* ContentView.swift in Sources */,
				8B38CA66246169C900548A61 /* CourseList.swift in Sources */,
			);
			runOnlyForDeploymentPostprocessing = 0;
		};
/* End PBXSourcesBuildPhase section */

/* Begin PBXVariantGroup section */
		8B38CA49246065C000548A61 /* LaunchScreen.storyboard */ = {
			isa = PBXVariantGroup;
			children = (
				8B38CA4A246065C000548A61 /* Base */,
			);
			name = LaunchScreen.storyboard;
			sourceTree = "<group>";
		};
/* End PBXVariantGroup section */

/* Begin XCBuildConfiguration section */
		8B38CA4D246065C000548A61 /* Debug */ = {
			isa = XCBuildConfiguration;
			buildSettings = {
				ALWAYS_SEARCH_USER_PATHS = NO;
				CLANG_ANALYZER_NONNULL = YES;
				CLANG_ANALYZER_NUMBER_OBJECT_CONVERSION = YES_AGGRESSIVE;
				CLANG_CXX_LANGUAGE_STANDARD = "gnu++14";
				CLANG_CXX_LIBRARY = "libc++";
				CLANG_ENABLE_MODULES = YES;
				CLANG_ENABLE_OBJC_ARC = YES;
				CLANG_ENABLE_OBJC_WEAK = YES;
				CLANG_WARN_BLOCK_CAPTURE_AUTORELEASING = YES;
				CLANG_WARN_BOOL_CONVERSION = YES;
				CLANG_WARN_COMMA = YES;
				CLANG_WARN_CONSTANT_CONVERSION = YES;
				CLANG_WARN_DEPRECATED_OBJC_IMPLEMENTATIONS = YES;
				CLANG_WARN_DIRECT_OBJC_ISA_USAGE = YES_ERROR;
				CLANG_WARN_DOCUMENTATION_COMMENTS = YES;
				CLANG_WARN_EMPTY_BODY = YES;
				CLANG_WARN_ENUM_CONVERSION = YES;
				CLANG_WARN_INFINITE_RECURSION = YES;
				CLANG_WARN_INT_CONVERSION = YES;
				CLANG_WARN_NON_LITERAL_NULL_CONVERSION = YES;
				CLANG_WARN_OBJC_IMPLICIT_RETAIN_SELF = YES;
				CLANG_WARN_OBJC_LITERAL_CONVERSION = YES;
				CLANG_WARN_OBJC_ROOT_CLASS = YES_ERROR;
				CLANG_WARN_RANGE_LOOP_ANALYSIS = YES;
				CLANG_WARN_STRICT_PROTOTYPES = YES;
				CLANG_WARN_SUSPICIOUS_MOVE = YES;
				CLANG_WARN_UNGUARDED_AVAILABILITY = YES_AGGRESSIVE;
				CLANG_WARN_UNREACHABLE_CODE = YES;
				CLANG_WARN__DUPLICATE_METHOD_MATCH = YES;
				COPY_PHASE_STRIP = NO;
				DEBUG_INFORMATION_FORMAT = dwarf;
				ENABLE_STRICT_OBJC_MSGSEND = YES;
				ENABLE_TESTABILITY = YES;
				GCC_C_LANGUAGE_STANDARD = gnu11;
				GCC_DYNAMIC_NO_PIC = NO;
				GCC_NO_COMMON_BLOCKS = YES;
				GCC_OPTIMIZATION_LEVEL = 0;
				GCC_PREPROCESSOR_DEFINITIONS = (
					"DEBUG=1",
					"$(inherited)",
				);
				GCC_WARN_64_TO_32_BIT_CONVERSION = YES;
				GCC_WARN_ABOUT_RETURN_TYPE = YES_ERROR;
				GCC_WARN_UNDECLARED_SELECTOR = YES;
				GCC_WARN_UNINITIALIZED_AUTOS = YES_AGGRESSIVE;
				GCC_WARN_UNUSED_FUNCTION = YES;
				GCC_WARN_UNUSED_VARIABLE = YES;
				IPHONEOS_DEPLOYMENT_TARGET = 13.4;
				MTL_ENABLE_DEBUG_INFO = INCLUDE_SOURCE;
				MTL_FAST_MATH = YES;
				ONLY_ACTIVE_ARCH = YES;
				SDKROOT = iphoneos;
				SWIFT_ACTIVE_COMPILATION_CONDITIONS = DEBUG;
				SWIFT_OPTIMIZATION_LEVEL = "-Onone";
			};
			name = Debug;
		};
		8B38CA4E246065C000548A61 /* Release */ = {
			isa = XCBuildConfiguration;
			buildSettings = {
				ALWAYS_SEARCH_USER_PATHS = NO;
				CLANG_ANALYZER_NONNULL = YES;
				CLANG_ANALYZER_NUMBER_OBJECT_CONVERSION = YES_AGGRESSIVE;
				CLANG_CXX_LANGUAGE_STANDARD = "gnu++14";
				CLANG_CXX_LIBRARY = "libc++";
				CLANG_ENABLE_MODULES = YES;
				CLANG_ENABLE_OBJC_ARC = YES;
				CLANG_ENABLE_OBJC_WEAK = YES;
				CLANG_WARN_BLOCK_CAPTURE_AUTORELEASING = YES;
				CLANG_WARN_BOOL_CONVERSION = YES;
				CLANG_WARN_COMMA = YES;
				CLANG_WARN_CONSTANT_CONVERSION = YES;
				CLANG_WARN_DEPRECATED_OBJC_IMPLEMENTATIONS = YES;
				CLANG_WARN_DIRECT_OBJC_ISA_USAGE = YES_ERROR;
				CLANG_WARN_DOCUMENTATION_COMMENTS = YES;
				CLANG_WARN_EMPTY_BODY = YES;
				CLANG_WARN_ENUM_CONVERSION = YES;
				CLANG_WARN_INFINITE_RECURSION = YES;
				CLANG_WARN_INT_CONVERSION = YES;
				CLANG_WARN_NON_LITERAL_NULL_CONVERSION = YES;
				CLANG_WARN_OBJC_IMPLICIT_RETAIN_SELF = YES;
				CLANG_WARN_OBJC_LITERAL_CONVERSION = YES;
				CLANG_WARN_OBJC_ROOT_CLASS = YES_ERROR;
				CLANG_WARN_RANGE_LOOP_ANALYSIS = YES;
				CLANG_WARN_STRICT_PROTOTYPES = YES;
				CLANG_WARN_SUSPICIOUS_MOVE = YES;
				CLANG_WARN_UNGUARDED_AVAILABILITY = YES_AGGRESSIVE;
				CLANG_WARN_UNREACHABLE_CODE = YES;
				CLANG_WARN__DUPLICATE_METHOD_MATCH = YES;
				COPY_PHASE_STRIP = NO;
				DEBUG_INFORMATION_FORMAT = "dwarf-with-dsym";
				ENABLE_NS_ASSERTIONS = NO;
				ENABLE_STRICT_OBJC_MSGSEND = YES;
				GCC_C_LANGUAGE_STANDARD = gnu11;
				GCC_NO_COMMON_BLOCKS = YES;
				GCC_WARN_64_TO_32_BIT_CONVERSION = YES;
				GCC_WARN_ABOUT_RETURN_TYPE = YES_ERROR;
				GCC_WARN_UNDECLARED_SELECTOR = YES;
				GCC_WARN_UNINITIALIZED_AUTOS = YES_AGGRESSIVE;
				GCC_WARN_UNUSED_FUNCTION = YES;
				GCC_WARN_UNUSED_VARIABLE = YES;
				IPHONEOS_DEPLOYMENT_TARGET = 13.4;
				MTL_ENABLE_DEBUG_INFO = NO;
				MTL_FAST_MATH = YES;
				SDKROOT = iphoneos;
				SWIFT_COMPILATION_MODE = wholemodule;
				SWIFT_OPTIMIZATION_LEVEL = "-O";
				VALIDATE_PRODUCT = YES;
			};
			name = Release;
		};
		8B38CA50246065C000548A61 /* Debug */ = {
			isa = XCBuildConfiguration;
			buildSettings = {
				ASSETCATALOG_COMPILER_APPICON_NAME = AppIcon;
				CODE_SIGN_STYLE = Automatic;
				DEVELOPMENT_ASSET_PATHS = "\"SwiftUICode/Preview Content\"";
				DEVELOPMENT_TEAM = A2LPNTJJ58;
				ENABLE_PREVIEWS = YES;
				INFOPLIST_FILE = SwiftUICode/Info.plist;
				LD_RUNPATH_SEARCH_PATHS = (
					"$(inherited)",
					"@executable_path/Frameworks",
				);
				PRODUCT_BUNDLE_IDENTIFIER = com.huangsenhui.SwiftUICode;
				PRODUCT_NAME = "$(TARGET_NAME)";
				SWIFT_VERSION = 5.0;
				TARGETED_DEVICE_FAMILY = "1,2";
			};
			name = Debug;
		};
		8B38CA51246065C000548A61 /* Release */ = {
			isa = XCBuildConfiguration;
			buildSettings = {
				ASSETCATALOG_COMPILER_APPICON_NAME = AppIcon;
				CODE_SIGN_STYLE = Automatic;
				DEVELOPMENT_ASSET_PATHS = "\"SwiftUICode/Preview Content\"";
				DEVELOPMENT_TEAM = A2LPNTJJ58;
				ENABLE_PREVIEWS = YES;
				INFOPLIST_FILE = SwiftUICode/Info.plist;
				LD_RUNPATH_SEARCH_PATHS = (
					"$(inherited)",
					"@executable_path/Frameworks",
				);
				PRODUCT_BUNDLE_IDENTIFIER = com.huangsenhui.SwiftUICode;
				PRODUCT_NAME = "$(TARGET_NAME)";
				SWIFT_VERSION = 5.0;
				TARGETED_DEVICE_FAMILY = "1,2";
			};
			name = Release;
		};
/* End XCBuildConfiguration section */

/* Begin XCConfigurationList section */
		8B38CA36246065BD00548A61 /* Build configuration list for PBXProject "SwiftUICode" */ = {
			isa = XCConfigurationList;
			buildConfigurations = (
				8B38CA4D246065C000548A61 /* Debug */,
				8B38CA4E246065C000548A61 /* Release */,
			);
			defaultConfigurationIsVisible = 0;
			defaultConfigurationName = Release;
		};
		8B38CA4F246065C000548A61 /* Build configuration list for PBXNativeTarget "SwiftUICode" */ = {
			isa = XCConfigurationList;
			buildConfigurations = (
				8B38CA50246065C000548A61 /* Debug */,
				8B38CA51246065C000548A61 /* Release */,
			);
			defaultConfigurationIsVisible = 0;
			defaultConfigurationName = Release;
		};
/* End XCConfigurationList section */
	};
	rootObject = 8B38CA33246065BD00548A61 /* Project object */;
}
